
Microsoft Visual Studio Solution File, Format Version 12.00
# Visual Studio 14
VisualStudioVersion = 14.0.25420.1
MinimumVisualStudioVersion = 10.0.40219.1
Project("{2150E333-8FDC-42A3-9474-1A3956D46DE8}") = "PresentationLayer", "PresentationLayer", "{B9B7E049-8E1B-4BBF-BA69-4B170B6F300D}"
EndProject
Project("{2150E333-8FDC-42A3-9474-1A3956D46DE8}") = "DataLayer", "DataLayer", "{1075D997-E775-4EFE-882A-2A4E761136F3}"
EndProject
Project("{2150E333-8FDC-42A3-9474-1A3956D46DE8}") = "ModelLayer", "ModelLayer", "{534EF577-5A3B-49DC-A3FE-A948F5320428}"
EndProject
Project("{2150E333-8FDC-42A3-9474-1A3956D46DE8}") = "BusinessLayer", "BusinessLayer", "{91981429-FB7C-4BB9-B955-D699028B7F47}"
EndProject
Project("{FAE04EC0-301F-11D3-BF4B-00C04F79EFBC}") = "Odigo.Web", "Odigo.Web\Odigo.Web.csproj", "{7BDAF115-AD42-413A-81F7-1AD66646EE89}"
EndProject
Project("{FAE04EC0-301F-11D3-BF4B-00C04F79EFBC}") = "Odigo.Web.Tests", "Odigo.Web.Tests\Odigo.Web.Tests.csproj", "{22E0A7BB-889C-4064-BAF1-BF4A2C76B4B7}"
EndProject
Project("{FAE04EC0-301F-11D3-BF4B-00C04F79EFBC}") = "Odigo.Model", "Odigo.Model\Odigo.Model.csproj", "{0C4A0B5F-0785-4420-A48E-BF14A13B4171}"
EndProject
Project("{FAE04EC0-301F-11D3-BF4B-00C04F79EFBC}") = "Odigo.Data", "Odigo.Data\Odigo.Data.csproj", "{FF209215-CA84-462A-9921-72B970141488}"
EndProject
Project("{FAE04EC0-301F-11D3-BF4B-00C04F79EFBC}") = "Odigo.Business", "Odigo.Business\Odigo.Business.csproj", "{F0890192-FD5C-430E-8C3E-7BABB7740ADB}"
EndProject
Project("{FAE04EC0-301F-11D3-BF4B-00C04F79EFBC}") = "Odigo.Entities", "Odigo.Entities\Odigo.Entities.csproj", "{B703BE65-8C79-41FB-9153-A72E57984572}"
EndProject
Project("{2150E333-8FDC-42A3-9474-1A3956D46DE8}") = "Infrastructure", "Infrastructure", "{37337452-66A9-422F-8668-FE609558FFF3}"
EndProject
Project("{FAE04EC0-301F-11D3-BF4B-00C04F79EFBC}") = "Odigo.Utility", "Odigo.Utility\Odigo.Utility.csproj", "{5A9BD23C-B5E8-4AE7-997D-C71DEE7B3CBA}"
EndProject
Project("{FAE04EC0-301F-11D3-BF4B-00C04F79EFBC}") = "Odigo.Business.Test", "Odigo.Business.Test\Odigo.Business.Test.csproj", "{00E3B959-D7A2-4A53-A720-C66E28AD3783}"
EndProject
Project("{FAE04EC0-301F-11D3-BF4B-00C04F79EFBC}") = "Odigo.Unity.Test", "Odigo.Unity.Test\Odigo.Unity.Test.csproj", "{31671610-D496-4EEF-89E4-7482627BFB7C}"
EndProject
Project("{FAE04EC0-301F-11D3-BF4B-00C04F79EFBC}") = "Odigo.Notification", "Odigo.Notification\Odigo.Notification.csproj", "{368FFBA3-8580-4861-AAD8-779538D752C5}"
EndProject
Global
	GlobalSection(SolutionConfigurationPlatforms) = preSolution
		Debug|Any CPU = Debug|Any CPU
		Release|Any CPU = Release|Any CPU
	EndGlobalSection
	GlobalSection(ProjectConfigurationPlatforms) = postSolution
		{7BDAF115-AD42-413A-81F7-1AD66646EE89}.Debug|Any CPU.ActiveCfg = Debug|Any CPU
		{7BDAF115-AD42-413A-81F7-1AD66646EE89}.Debug|Any CPU.Build.0 = Debug|Any CPU
		{7BDAF115-AD42-413A-81F7-1AD66646EE89}.Release|Any CPU.ActiveCfg = Release|Any CPU
		{7BDAF115-AD42-413A-81F7-1AD66646EE89}.Release|Any CPU.Build.0 = Release|Any CPU
		{22E0A7BB-889C-4064-BAF1-BF4A2C76B4B7}.Debug|Any CPU.ActiveCfg = Debug|Any CPU
		{22E0A7BB-889C-4064-BAF1-BF4A2C76B4B7}.Debug|Any CPU.Build.0 = Debug|Any CPU
		{22E0A7BB-889C-4064-BAF1-BF4A2C76B4B7}.Release|Any CPU.ActiveCfg = Release|Any CPU
		{22E0A7BB-889C-4064-BAF1-BF4A2C76B4B7}.Release|Any CPU.Build.0 = Release|Any CPU
		{0C4A0B5F-0785-4420-A48E-BF14A13B4171}.Debug|Any CPU.ActiveCfg = Debug|Any CPU
		{0C4A0B5F-0785-4420-A48E-BF14A13B4171}.Debug|Any CPU.Build.0 = Debug|Any CPU
		{0C4A0B5F-0785-4420-A48E-BF14A13B4171}.Release|Any CPU.ActiveCfg = Release|Any CPU
		{0C4A0B5F-0785-4420-A48E-BF14A13B4171}.Release|Any CPU.Build.0 = Release|Any CPU
		{FF209215-CA84-462A-9921-72B970141488}.Debug|Any CPU.ActiveCfg = Debug|Any CPU
		{FF209215-CA84-462A-9921-72B970141488}.Debug|Any CPU.Build.0 = Debug|Any CPU
		{FF209215-CA84-462A-9921-72B970141488}.Release|Any CPU.ActiveCfg = Release|Any CPU
		{FF209215-CA84-462A-9921-72B970141488}.Release|Any CPU.Build.0 = Release|Any CPU
		{F0890192-FD5C-430E-8C3E-7BABB7740ADB}.Debug|Any CPU.ActiveCfg = Debug|Any CPU
		{F0890192-FD5C-430E-8C3E-7BABB7740ADB}.Debug|Any CPU.Build.0 = Debug|Any CPU
		{F0890192-FD5C-430E-8C3E-7BABB7740ADB}.Release|Any CPU.ActiveCfg = Release|Any CPU
		{F0890192-FD5C-430E-8C3E-7BABB7740ADB}.Release|Any CPU.Build.0 = Release|Any CPU
		{B703BE65-8C79-41FB-9153-A72E57984572}.Debug|Any CPU.ActiveCfg = Debug|Any CPU
		{B703BE65-8C79-41FB-9153-A72E57984572}.Debug|Any CPU.Build.0 = Debug|Any CPU
		{B703BE65-8C79-41FB-9153-A72E57984572}.Release|Any CPU.ActiveCfg = Release|Any CPU
		{B703BE65-8C79-41FB-9153-A72E57984572}.Release|Any CPU.Build.0 = Release|Any CPU
		{5A9BD23C-B5E8-4AE7-997D-C71DEE7B3CBA}.Debug|Any CPU.ActiveCfg = Debug|Any CPU
		{5A9BD23C-B5E8-4AE7-997D-C71DEE7B3CBA}.Debug|Any CPU.Build.0 = Debug|Any CPU
		{5A9BD23C-B5E8-4AE7-997D-C71DEE7B3CBA}.Release|Any CPU.ActiveCfg = Release|Any CPU
		{5A9BD23C-B5E8-4AE7-997D-C71DEE7B3CBA}.Release|Any CPU.Build.0 = Release|Any CPU
		{00E3B959-D7A2-4A53-A720-C66E28AD3783}.Debug|Any CPU.ActiveCfg = Debug|Any CPU
		{00E3B959-D7A2-4A53-A720-C66E28AD3783}.Debug|Any CPU.Build.0 = Debug|Any CPU
		{00E3B959-D7A2-4A53-A720-C66E28AD3783}.Release|Any CPU.ActiveCfg = Release|Any CPU
		{00E3B959-D7A2-4A53-A720-C66E28AD3783}.Release|Any CPU.Build.0 = Release|Any CPU
		{31671610-D496-4EEF-89E4-7482627BFB7C}.Debug|Any CPU.ActiveCfg = Debug|Any CPU
		{31671610-D496-4EEF-89E4-7482627BFB7C}.Debug|Any CPU.Build.0 = Debug|Any CPU
		{31671610-D496-4EEF-89E4-7482627BFB7C}.Release|Any CPU.ActiveCfg = Release|Any CPU
		{31671610-D496-4EEF-89E4-7482627BFB7C}.Release|Any CPU.Build.0 = Release|Any CPU
		{368FFBA3-8580-4861-AAD8-779538D752C5}.Debug|Any CPU.ActiveCfg = Debug|Any CPU
		{368FFBA3-8580-4861-AAD8-779538D752C5}.Debug|Any CPU.Build.0 = Debug|Any CPU
		{368FFBA3-8580-4861-AAD8-779538D752C5}.Release|Any CPU.ActiveCfg = Release|Any CPU
		{368FFBA3-8580-4861-AAD8-779538D752C5}.Release|Any CPU.Build.0 = Release|Any CPU
	EndGlobalSection
	GlobalSection(SolutionProperties) = preSolution
		HideSolutionNode = FALSE
	EndGlobalSection
	GlobalSection(NestedProjects) = preSolution
		{7BDAF115-AD42-413A-81F7-1AD66646EE89} = {B9B7E049-8E1B-4BBF-BA69-4B170B6F300D}
		{22E0A7BB-889C-4064-BAF1-BF4A2C76B4B7} = {B9B7E049-8E1B-4BBF-BA69-4B170B6F300D}
		{0C4A0B5F-0785-4420-A48E-BF14A13B4171} = {534EF577-5A3B-49DC-A3FE-A948F5320428}
		{FF209215-CA84-462A-9921-72B970141488} = {1075D997-E775-4EFE-882A-2A4E761136F3}
		{F0890192-FD5C-430E-8C3E-7BABB7740ADB} = {91981429-FB7C-4BB9-B955-D699028B7F47}
		{B703BE65-8C79-41FB-9153-A72E57984572} = {534EF577-5A3B-49DC-A3FE-A948F5320428}
		{5A9BD23C-B5E8-4AE7-997D-C71DEE7B3CBA} = {37337452-66A9-422F-8668-FE609558FFF3}
		{00E3B959-D7A2-4A53-A720-C66E28AD3783} = {91981429-FB7C-4BB9-B955-D699028B7F47}
		{31671610-D496-4EEF-89E4-7482627BFB7C} = {37337452-66A9-422F-8668-FE609558FFF3}
		{368FFBA3-8580-4861-AAD8-779538D752C5} = {37337452-66A9-422F-8668-FE609558FFF3}
	EndGlobalSection
EndGlobal
